
Microsoft Visual Studio Solution File, Format Version 12.00
# Visual Studio Version 17
VisualStudioVersion = 17.9.34607.119
MinimumVisualStudioVersion = 10.0.40219.1
Project("{FAE04EC0-301F-11D3-BF4B-00C04F79EFBC}") = "uygulama 16", "uygulama 16\uygulama 16.csproj", "{36BDE6E3-0AF7-485F-978B-5EC429A21835}"
EndProject
Global
	GlobalSection(SolutionConfigurationPlatforms) = preSolution
		Debug|Any CPU = Debug|Any CPU
		Release|Any CPU = Release|Any CPU
	EndGlobalSection
	GlobalSection(ProjectConfigurationPlatforms) = postSolution
		{36BDE6E3-0AF7-485F-978B-5EC429A21835}.Debug|Any CPU.ActiveCfg = Debug|Any CPU
		{36BDE6E3-0AF7-485F-978B-5EC429A21835}.Debug|Any CPU.Build.0 = Debug|Any CPU
		{36BDE6E3-0AF7-485F-978B-5EC429A21835}.Release|Any CPU.ActiveCfg = Release|Any CPU
		{36BDE6E3-0AF7-485F-978B-5EC429A21835}.Release|Any CPU.Build.0 = Release|Any CPU
	EndGlobalSection
	GlobalSection(SolutionProperties) = preSolution
		HideSolutionNode = FALSE
	EndGlobalSection
	GlobalSection(ExtensibilityGlobals) = postSolution
		SolutionGuid = {CEA44E22-30DF-4357-8CE5-20D7BD4F1158}
	EndGlobalSection
EndGlobal
